Microsoft Visual Studio Solution File, Format Version 12.00
# Visual Studio Version 17
VisualStudioVersion = 17.5.33424.131
MinimumVisualStudioVersion = 10.0.40219.1
Project("{2150E333-8FDC-42A3-9474-1A3956D46DE8}") = "src", "src", "{8961E156-7C5C-41AF-A865-33E10DBFBE5B}"
EndProject
Project("{2150E333-8FDC-42A3-9474-1A3956D46DE8}") = "tests", "tests", "{A961E156-7C5C-41AF-A865-33E10DBFBE5B}"
EndProject
Project("{9A19103F-16F7-4668-BE54-9A1E7A4F7556}") = "POS.Domain", "src\POS.Domain\POS.Domain.csproj", "{B37C7C76-8A5A-4741-9CBF-C4CAC496708E}"
EndProject
Project("{9A19103F-16F7-4668-BE54-9A1E7A4F7556}") = "POS.Application", "src\POS.Application\POS.Application.csproj", "{C37C7C76-8A5A-4741-9CBF-C4CAC496708E}"
EndProject
Project("{9A19103F-16F7-4668-BE54-9A1E7A4F7556}") = "POS.Infrastructure", "src\POS.Infrastructure\POS.Infrastructure.csproj", "{D37C7C76-8A5A-4741-9CBF-C4CAC496708E}"
EndProject
Project("{9A19103F-16F7-4668-BE54-9A1E7A4F7556}") = "POS.WebAPI", "src\POS.WebAPI\POS.WebAPI.csproj", "{BBF31BD3-0DFD-4D2D-A217-D6F2DEA80997}"
EndProject
Project("{9A19103F-16F7-4668-BE54-9A1E7A4F7556}") = "POS.Migrator", "src\POS.Migrator\POS.Migrator.csproj", "{F9D5A3ED-DC43-48F5-9B57-28722E8F495A}"
EndProject
Global
	GlobalSection(SolutionConfigurationPlatforms) = preSolution
		Debug|Any CPU = Debug|Any CPU
		Release|Any CPU = Release|Any CPU
	EndGlobalSection
	GlobalSection(ProjectConfigurationPlatforms) = postSolution
		{F9D5A3ED-DC43-48F5-9B57-28722E8F495A}.Debug|Any CPU.ActiveCfg = Debug|Any CPU
		{F9D5A3ED-DC43-48F5-9B57-28722E8F495A}.Debug|Any CPU.Build.0 = Debug|Any CPU
		{F9D5A3ED-DC43-48F5-9B57-28722E8F495A}.Release|Any CPU.ActiveCfg = Release|Any CPU
		{F9D5A3ED-DC43-48F5-9B57-28722E8F495A}.Release|Any CPU.Build.0 = Release|Any CPU
		{B37C7C76-8A5A-4741-9CBF-C4CAC496708E}.Debug|Any CPU.ActiveCfg = Debug|Any CPU
		{B37C7C76-8A5A-4741-9CBF-C4CAC496708E}.Debug|Any CPU.Build.0 = Debug|Any CPU
		{B37C7C76-8A5A-4741-9CBF-C4CAC496708E}.Release|Any CPU.ActiveCfg = Release|Any CPU
		{B37C7C76-8A5A-4741-9CBF-C4CAC496708E}.Release|Any CPU.Build.0 = Release|Any CPU
		{C37C7C76-8A5A-4741-9CBF-C4CAC496708E}.Debug|Any CPU.ActiveCfg = Debug|Any CPU
		{C37C7C76-8A5A-4741-9CBF-C4CAC496708E}.Debug|Any CPU.Build.0 = Debug|Any CPU
		{C37C7C76-8A5A-4741-9CBF-C4CAC496708E}.Release|Any CPU.ActiveCfg = Release|Any CPU
		{C37C7C76-8A5A-4741-9CBF-C4CAC496708E}.Release|Any CPU.Build.0 = Release|Any CPU
		{D37C7C76-8A5A-4741-9CBF-C4CAC496708E}.Debug|Any CPU.ActiveCfg = Debug|Any CPU
		{D37C7C76-8A5A-4741-9CBF-C4CAC496708E}.Debug|Any CPU.Build.0 = Debug|Any CPU
		{D37C7C76-8A5A-4741-9CBF-C4CAC496708E}.Release|Any CPU.ActiveCfg = Release|Any CPU
		{D37C7C76-8A5A-4741-9CBF-C4CAC496708E}.Release|Any CPU.Build.0 = Release|Any CPU
		{BBF31BD3-0DFD-4D2D-A217-D6F2DEA80997}.Debug|Any CPU.ActiveCfg = Debug|Any CPU
		{BBF31BD3-0DFD-4D2D-A217-D6F2DEA80997}.Debug|Any CPU.Build.0 = Debug|Any CPU
		{BBF31BD3-0DFD-4D2D-A217-D6F2DEA80997}.Release|Any CPU.ActiveCfg = Release|Any CPU
		{BBF31BD3-0DFD-4D2D-A217-D6F2DEA80997}.Release|Any CPU.Build.0 = Release|Any CPU
	EndGlobalSection
	GlobalSection(SolutionProperties) = preSolution
		HideSolutionNode = FALSE
	EndGlobalSection
	GlobalSection(ExtensibilityGlobals) = postSolution
		SolutionGuid = {2AB96CC3-F5D1-4767-B960-D8CFDA2EC2E3}
	EndGlobalSection
EndGlobal
